Microsoft Visual Studio Solution File, Format Version 11.00
# Visual Studio 2008

Project("{9627DF7A-4A5B-849F-67FC-E863E82ADC71}") = "testi", "Assembly-CSharp.csproj", "{D558E8C3-102E-494A-A34A-E53F7FE75C18}"
EndProject
Global
	GlobalSection(SolutionConfigurationPlatforms) = preSolution
		Debug|Any CPU = Debug|Any CPU
		Release|Any CPU = Release|Any CPU
	EndGlobalSection
	GlobalSection(ProjectConfigurationPlatforms) = postSolution
		{D558E8C3-102E-494A-A34A-E53F7FE75C18}.Debug|Any CPU.ActiveCfg = Debug|Any CPU
		{D558E8C3-102E-494A-A34A-E53F7FE75C18}.Debug|Any CPU.Build.0 = Debug|Any CPU
		{D558E8C3-102E-494A-A34A-E53F7FE75C18}.Release|Any CPU.ActiveCfg = Release|Any CPU
		{D558E8C3-102E-494A-A34A-E53F7FE75C18}.Release|Any CPU.Build.0 = Release|Any CPU
	EndGlobalSection
	GlobalSection(SolutionProperties) = preSolution
		HideSolutionNode = FALSE
	EndGlobalSection
	GlobalSection(MonoDevelopProperties) = preSolution
		StartupItem = Assembly-CSharp.csproj
	EndGlobalSection
EndGlobal
